
Microsoft Visual Studio Solution File, Format Version 12.00
# Visual Studio Version 17
VisualStudioVersion = 17.5.33424.131
MinimumVisualStudioVersion = 10.0.40219.1
Project("{9A19103F-16F7-4668-BE54-9A1E7A4F7556}") = "RecordAndReplayServices", "RecordAndReplayServices\RecordAndReplayServices.csproj", "{0FE68107-AEF2-4178-BFA8-7113F7B0ACD8}"
EndProject
Project("{9A19103F-16F7-4668-BE54-9A1E7A4F7556}") = "RecordAndReplayServices.Test", "RecordAndReplayServices.Test\RecordAndReplayServices.Test.csproj", "{50AC5019-1247-4984-99A6-5B836EC8226A}"
EndProject
Global
	GlobalSection(SolutionConfigurationPlatforms) = preSolution
		Debug|Any CPU = Debug|Any CPU
		Release|Any CPU = Release|Any CPU
	EndGlobalSection
	GlobalSection(ProjectConfigurationPlatforms) = postSolution
		{0FE68107-AEF2-4178-BFA8-7113F7B0ACD8}.Debug|Any CPU.ActiveCfg = Debug|Any CPU
		{0FE68107-AEF2-4178-BFA8-7113F7B0ACD8}.Debug|Any CPU.Build.0 = Debug|Any CPU
		{0FE68107-AEF2-4178-BFA8-7113F7B0ACD8}.Release|Any CPU.ActiveCfg = Release|Any CPU
		{0FE68107-AEF2-4178-BFA8-7113F7B0ACD8}.Release|Any CPU.Build.0 = Release|Any CPU
		{50AC5019-1247-4984-99A6-5B836EC8226A}.Debug|Any CPU.ActiveCfg = Debug|Any CPU
		{50AC5019-1247-4984-99A6-5B836EC8226A}.Debug|Any CPU.Build.0 = Debug|Any CPU
		{50AC5019-1247-4984-99A6-5B836EC8226A}.Release|Any CPU.ActiveCfg = Release|Any CPU
		{50AC5019-1247-4984-99A6-5B836EC8226A}.Release|Any CPU.Build.0 = Release|Any CPU
	EndGlobalSection
	GlobalSection(SolutionProperties) = preSolution
		HideSolutionNode = FALSE
	EndGlobalSection
	GlobalSection(ExtensibilityGlobals) = postSolution
		SolutionGuid = {D6E43D6C-0079-4BFD-B48A-41D457B8C5CF}
	EndGlobalSection
EndGlobal
